// !$*UTF8*$!
{
	archiveVersion = 1;
	classes = {
	};
	objectVersion = 55;
	objects = {

/* Begin PBXBuildFile section */
		EC8A56CD28C7BAAF009010C4 /* AppDelegate.swift in Sources */ = {isa = PBXBuildFile; fileRef = EC8A56CC28C7BAAF009010C4 /* AppDelegate.swift */; };
		EC8A56CF28C7BAAF009010C4 /* SceneDelegate.swift in Sources */ = {isa = PBXBuildFile; fileRef = EC8A56CE28C7BAAF009010C4 /* SceneDelegate.swift */; };
		EC8A56D628C7BAB0009010C4 /* Assets.xcassets in Resources */ = {isa = PBXBuildFile; fileRef = EC8A56D528C7BAB0009010C4 /* Assets.xcassets */; };
		EC8A56D928C7BAB0009010C4 /* LaunchScreen.storyboard in Resources */ = {isa = PBXBuildFile; fileRef = EC8A56D728C7BAB0009010C4 /* LaunchScreen.storyboard */; };
		EC8A56E228C7BAC7009010C4 /* Then in Frameworks */ = {isa = PBXBuildFile; productRef = EC8A56E128C7BAC7009010C4 /* Then */; };
		EC8A56E528C7BADA009010C4 /* FlexLayout in Frameworks */ = {isa = PBXBuildFile; productRef = EC8A56E428C7BADA009010C4 /* FlexLayout */; };
		EC8A56E728C7BADA009010C4 /* FlexLayoutYoga in Frameworks */ = {isa = PBXBuildFile; productRef = EC8A56E628C7BADA009010C4 /* FlexLayoutYoga */; };
		EC8A56E928C7BADA009010C4 /* FlexLayoutYogaKit in Frameworks */ = {isa = PBXBuildFile; productRef = EC8A56E828C7BADA009010C4 /* FlexLayoutYogaKit */; };
		EC8A56F128C7BC5E009010C4 /* FlexLayoutViewController.swift in Sources */ = {isa = PBXBuildFile; fileRef = EC8A56F028C7BC5E009010C4 /* FlexLayoutViewController.swift */; };
		EC8A56F328C87AE1009010C4 /* FlexLayoutView.swift in Sources */ = {isa = PBXBuildFile; fileRef = EC8A56F228C87AE1009010C4 /* FlexLayoutView.swift */; };
		EC8A56F528C87B71009010C4 /* FlexLayoutViewModel.swift in Sources */ = {isa = PBXBuildFile; fileRef = EC8A56F428C87B71009010C4 /* FlexLayoutViewModel.swift */; };
		EC8A56F828C87B99009010C4 /* RxCocoa in Frameworks */ = {isa = PBXBuildFile; productRef = EC8A56F728C87B99009010C4 /* RxCocoa */; };
		EC8A56FA28C87B99009010C4 /* RxSwift in Frameworks */ = {isa = PBXBuildFile; productRef = EC8A56F928C87B99009010C4 /* RxSwift */; };
/* End PBXBuildFile section */

/* Begin PBXFileReference section */
		EC8A56C928C7BAAF009010C4 /* FlexLayout_Test.app */ = {isa = PBXFileReference; explicitFileType = wrapper.application; includeInIndex = 0; path = FlexLayout_Test.app; sourceTree = BUILT_PRODUCTS_DIR; };
		EC8A56CC28C7BAAF009010C4 /* AppDelegate.swift */ = {isa = PBXFileReference; lastKnownFileType = sourcecode.swift; path = AppDelegate.swift; sourceTree = "<group>"; };
		EC8A56CE28C7BAAF009010C4 /* SceneDelegate.swift */ = {isa = PBXFileReference; lastKnownFileType = sourcecode.swift; path = SceneDelegate.swift; sourceTree = "<group>"; };
		EC8A56D528C7BAB0009010C4 /* Assets.xcassets */ = {isa = PBXFileReference; lastKnownFileType = folder.assetcatalog; path = Assets.xcassets; sourceTree = "<group>"; };
		EC8A56D828C7BAB0009010C4 /* Base */ = {isa = PBXFileReference; lastKnownFileType = file.storyboard; name = Base; path = Base.lproj/LaunchScreen.storyboard; sourceTree = "<group>"; };
		EC8A56DA28C7BAB0009010C4 /* Info.plist */ = {isa = PBXFileReference; lastKnownFileType = text.plist.xml; path = Info.plist; sourceTree = "<group>"; };
		EC8A56F028C7BC5E009010C4 /* FlexLayoutViewController.swift */ = {isa = PBXFileReference; lastKnownFileType = sourcecode.swift; path = FlexLayoutViewController.swift; sourceTree = "<group>"; };
		EC8A56F228C87AE1009010C4 /* FlexLayoutView.swift */ = {isa = PBXFileReference; lastKnownFileType = sourcecode.swift; path = FlexLayoutView.swift; sourceTree = "<group>"; };
		EC8A56F428C87B71009010C4 /* FlexLayoutViewModel.swift */ = {isa = PBXFileReference; lastKnownFileType = sourcecode.swift; path = FlexLayoutViewModel.swift; sourceTree = "<group>"; };
/* End PBXFileReference section */

/* Begin PBXFrameworksBuildPhase section */
		EC8A56C628C7BAAF009010C4 /* Frameworks */ = {
			isa = PBXFrameworksBuildPhase;
			buildActionMask = 2147483647;
			files = (
				EC8A56FA28C87B99009010C4 /* RxSwift in Frameworks */,
				EC8A56E228C7BAC7009010C4 /* Then in Frameworks */,
				EC8A56E528C7BADA009010C4 /* FlexLayout in Frameworks */,
				EC8A56F828C87B99009010C4 /* RxCocoa in Frameworks */,
				EC8A56E928C7BADA009010C4 /* FlexLayoutYogaKit in Frameworks */,
				EC8A56E728C7BADA009010C4 /* FlexLayoutYoga in Frameworks */,
			);
			runOnlyForDeploymentPostprocessing = 0;
		};
/* End PBXFrameworksBuildPhase section */

/* Begin PBXGroup section */
		EC8A56C028C7BAAF009010C4 = {
			isa = PBXGroup;
			children = (
				EC8A56CB28C7BAAF009010C4 /* FlexLayout_Test */,
				EC8A56CA28C7BAAF009010C4 /* Products */,
			);
			sourceTree = "<group>";
		};
		EC8A56CA28C7BAAF009010C4 /* Products */ = {
			isa = PBXGroup;
			children = (
				EC8A56C928C7BAAF009010C4 /* FlexLayout_Test.app */,
			);
			name = Products;
			sourceTree = "<group>";
		};
		EC8A56CB28C7BAAF009010C4 /* FlexLayout_Test */ = {
			isa = PBXGroup;
			children = (
				EC8A56CC28C7BAAF009010C4 /* AppDelegate.swift */,
				EC8A56CE28C7BAAF009010C4 /* SceneDelegate.swift */,
				EC8A56D528C7BAB0009010C4 /* Assets.xcassets */,
				EC8A56D728C7BAB0009010C4 /* LaunchScreen.storyboard */,
				EC8A56DA28C7BAB0009010C4 /* Info.plist */,
				EC8A56F428C87B71009010C4 /* FlexLayoutViewModel.swift */,
				EC8A56F028C7BC5E009010C4 /* FlexLayoutViewController.swift */,
				EC8A56F228C87AE1009010C4 /* FlexLayoutView.swift */,
			);
			path = FlexLayout_Test;
			sourceTree = "<group>";
		};
/* End PBXGroup section */

/* Begin PBXNativeTarget section */
		EC8A56C828C7BAAF009010C4 /* FlexLayout_Test */ = {
			isa = PBXNativeTarget;
			buildConfigurationList = EC8A56DD28C7BAB0009010C4 /* Build configuration list for PBXNativeTarget "FlexLayout_Test" */;
			buildPhases = (
				EC8A56C528C7BAAF009010C4 /* Sources */,
				EC8A56C628C7BAAF009010C4 /* Frameworks */,
				EC8A56C728C7BAAF009010C4 /* Resources */,
			);
			buildRules = (
			);
			dependencies = (
			);
			name = FlexLayout_Test;
			packageProductDependencies = (
				EC8A56E128C7BAC7009010C4 /* Then */,
				EC8A56E428C7BADA009010C4 /* FlexLayout */,
				EC8A56E628C7BADA009010C4 /* FlexLayoutYoga */,
				EC8A56E828C7BADA009010C4 /* FlexLayoutYogaKit */,
				EC8A56F728C87B99009010C4 /* RxCocoa */,
				EC8A56F928C87B99009010C4 /* RxSwift */,
			);
			productName = FlexLayout_Test;
			productReference = EC8A56C928C7BAAF009010C4 /* FlexLayout_Test.app */;
			productType = "com.apple.product-type.application";
		};
/* End PBXNativeTarget section */

/* Begin PBXProject section */
		EC8A56C128C7BAAF009010C4 /* Project object */ = {
			isa = PBXProject;
			attributes = {
				BuildIndependentTargetsInParallel = 1;
				LastSwiftUpdateCheck = 1340;
				LastUpgradeCheck = 1340;
				TargetAttributes = {
					EC8A56C828C7BAAF009010C4 = {
						CreatedOnToolsVersion = 13.4.1;
					};
				};
			};
			buildConfigurationList = EC8A56C428C7BAAF009010C4 /* Build configuration list for PBXProject "FlexLayout_Test" */;
			compatibilityVersion = "Xcode 13.0";
			developmentRegion = en;
			hasScannedForEncodings = 0;
			knownRegions = (
				en,
				Base,
			);
			mainGroup = EC8A56C028C7BAAF009010C4;
			packageReferences = (
				EC8A56E028C7BAC7009010C4 /* XCRemoteSwiftPackageReference "Then" */,
				EC8A56E328C7BADA009010C4 /* XCRemoteSwiftPackageReference "FlexLayout" */,
				EC8A56F628C87B99009010C4 /* XCRemoteSwiftPackageReference "RxSwift" */,
			);
			productRefGroup = EC8A56CA28C7BAAF009010C4 /* Products */;
			projectDirPath = "";
			projectRoot = "";
			targets = (
				EC8A56C828C7BAAF009010C4 /* FlexLayout_Test */,
			);
		};
/* End PBXProject section */

/* Begin PBXResourcesBuildPhase section */
		EC8A56C728C7BAAF009010C4 /* Resources */ = {
			isa = PBXResourcesBuildPhase;
			buildActionMask = 2147483647;
			files = (
				EC8A56D928C7BAB0009010C4 /* LaunchScreen.storyboard in Resources */,
				EC8A56D628C7BAB0009010C4 /* Assets.xcassets in Resources */,
			);
			runOnlyForDeploymentPostprocessing = 0;
		};
/* End PBXResourcesBuildPhase section */

/* Begin PBXSourcesBuildPhase section */
		EC8A56C528C7BAAF009010C4 /* Sources */ = {
			isa = PBXSourcesBuildPhase;
			buildActionMask = 2147483647;
			files = (
				EC8A56CD28C7BAAF009010C4 /* AppDelegate.swift in Sources */,
				EC8A56F128C7BC5E009010C4 /* FlexLayoutViewController.swift in Sources */,
				EC8A56F528C87B71009010C4 /* FlexLayoutViewModel.swift in Sources */,
				EC8A56CF28C7BAAF009010C4 /* SceneDelegate.swift in Sources */,
				EC8A56F328C87AE1009010C4 /* FlexLayoutView.swift in Sources */,
			);
			runOnlyForDeploymentPostprocessing = 0;
		};
/* End PBXSourcesBuildPhase section */

/* Begin PBXVariantGroup section */
		EC8A56D728C7BAB0009010C4 /* LaunchScreen.storyboard */ = {
			isa = PBXVariantGroup;
			children = (
				EC8A56D828C7BAB0009010C4 /* Base */,
			);
			name = LaunchScreen.storyboard;
			sourceTree = "<group>";
		};
/* End PBXVariantGroup section */

/* Begin XCBuildConfiguration section */
		EC8A56DB28C7BAB0009010C4 /* Debug */ = {
			isa = XCBuildConfiguration;
			buildSettings = {
				ALWAYS_SEARCH_USER_PATHS = NO;
				CLANG_ANALYZER_NONNULL = YES;
				CLANG_ANALYZER_NUMBER_OBJECT_CONVERSION = YES_AGGRESSIVE;
				CLANG_CXX_LANGUAGE_STANDARD = "gnu++17";
				CLANG_ENABLE_MODULES = YES;
				CLANG_ENABLE_OBJC_ARC = YES;
				CLANG_ENABLE_OBJC_WEAK = YES;
				CLANG_WARN_BLOCK_CAPTURE_AUTORELEASING = YES;
				CLANG_WARN_BOOL_CONVERSION = YES;
				CLANG_WARN_COMMA = YES;
				CLANG_WARN_CONSTANT_CONVERSION = YES;
				CLANG_WARN_DEPRECATED_OBJC_IMPLEMENTATIONS = YES;
				CLANG_WARN_DIRECT_OBJC_ISA_USAGE = YES_ERROR;
				CLANG_WARN_DOCUMENTATION_COMMENTS = YES;
				CLANG_WARN_EMPTY_BODY = YES;
				CLANG_WARN_ENUM_CONVERSION = YES;
				CLANG_WARN_INFINITE_RECURSION = YES;
				CLANG_WARN_INT_CONVERSION = YES;
				CLANG_WARN_NON_LITERAL_NULL_CONVERSION = YES;
				CLANG_WARN_OBJC_IMPLICIT_RETAIN_SELF = YES;
				CLANG_WARN_OBJC_LITERAL_CONVERSION = YES;
				CLANG_WARN_OBJC_ROOT_CLASS = YES_ERROR;
				CLANG_WARN_QUOTED_INCLUDE_IN_FRAMEWORK_HEADER = YES;
				CLANG_WARN_RANGE_LOOP_ANALYSIS = YES;
				CLANG_WARN_STRICT_PROTOTYPES = YES;
				CLANG_WARN_SUSPICIOUS_MOVE = YES;
				CLANG_WARN_UNGUARDED_AVAILABILITY = YES_AGGRESSIVE;
				CLANG_WARN_UNREACHABLE_CODE = YES;
				CLANG_WARN__DUPLICATE_METHOD_MATCH = YES;
				COPY_PHASE_STRIP = NO;
				DEBUG_INFORMATION_FORMAT = dwarf;
				ENABLE_STRICT_OBJC_MSGSEND = YES;
				ENABLE_TESTABILITY = YES;
				GCC_C_LANGUAGE_STANDARD = gnu11;
				GCC_DYNAMIC_NO_PIC = NO;
				GCC_NO_COMMON_BLOCKS = YES;
				GCC_OPTIMIZATION_LEVEL = 0;
				GCC_PREPROCESSOR_DEFINITIONS = (
					"DEBUG=1",
					"$(inherited)",
				);
				"GCC_PREPROCESSOR_DEFINITIONS[arch=*]" = "FLEXLAYOUT_SWIFT_PACKAGE=1";
				GCC_WARN_64_TO_32_BIT_CONVERSION = YES;
				GCC_WARN_ABOUT_RETURN_TYPE = YES_ERROR;
				GCC_WARN_UNDECLARED_SELECTOR = YES;
				GCC_WARN_UNINITIALIZED_AUTOS = YES_AGGRESSIVE;
				GCC_WARN_UNUSED_FUNCTION = YES;
				GCC_WARN_UNUSED_VARIABLE = YES;
				IPHONEOS_DEPLOYMENT_TARGET = 15.5;
				MTL_ENABLE_DEBUG_INFO = INCLUDE_SOURCE;
				MTL_FAST_MATH = YES;
				ONLY_ACTIVE_ARCH = YES;
				SDKROOT = iphoneos;
				SWIFT_ACTIVE_COMPILATION_CONDITIONS = DEBUG;
				SWIFT_OPTIMIZATION_LEVEL = "-Onone";
			};
			name = Debug;
		};
		EC8A56DC28C7BAB0009010C4 /* Release */ = {
			isa = XCBuildConfiguration;
			buildSettings = {
				ALWAYS_SEARCH_USER_PATHS = NO;
				CLANG_ANALYZER_NONNULL = YES;
				CLANG_ANALYZER_NUMBER_OBJECT_CONVERSION = YES_AGGRESSIVE;
				CLANG_CXX_LANGUAGE_STANDARD = "gnu++17";
				CLANG_ENABLE_MODULES = YES;
				CLANG_ENABLE_OBJC_ARC = YES;
				CLANG_ENABLE_OBJC_WEAK = YES;
				CLANG_WARN_BLOCK_CAPTURE_AUTORELEASING = YES;
				CLANG_WARN_BOOL_CONVERSION = YES;
				CLANG_WARN_COMMA = YES;
				CLANG_WARN_CONSTANT_CONVERSION = YES;
				CLANG_WARN_DEPRECATED_OBJC_IMPLEMENTATIONS = YES;
				CLANG_WARN_DIRECT_OBJC_ISA_USAGE = YES_ERROR;
				CLANG_WARN_DOCUMENTATION_COMMENTS = YES;
				CLANG_WARN_EMPTY_BODY = YES;
				CLANG_WARN_ENUM_CONVERSION = YES;
				CLANG_WARN_INFINITE_RECURSION = YES;
				CLANG_WARN_INT_CONVERSION = YES;
				CLANG_WARN_NON_LITERAL_NULL_CONVERSION = YES;
				CLANG_WARN_OBJC_IMPLICIT_RETAIN_SELF = YES;
				CLANG_WARN_OBJC_LITERAL_CONVERSION = YES;
				CLANG_WARN_OBJC_ROOT_CLASS = YES_ERROR;
				CLANG_WARN_QUOTED_INCLUDE_IN_FRAMEWORK_HEADER = YES;
				CLANG_WARN_RANGE_LOOP_ANALYSIS = YES;
				CLANG_WARN_STRICT_PROTOTYPES = YES;
				CLANG_WARN_SUSPICIOUS_MOVE = YES;
				CLANG_WARN_UNGUARDED_AVAILABILITY = YES_AGGRESSIVE;
				CLANG_WARN_UNREACHABLE_CODE = YES;
				CLANG_WARN__DUPLICATE_METHOD_MATCH = YES;
				COPY_PHASE_STRIP = NO;
				DEBUG_INFORMATION_FORMAT = "dwarf-with-dsym";
				ENABLE_NS_ASSERTIONS = NO;
				ENABLE_STRICT_OBJC_MSGSEND = YES;
				GCC_C_LANGUAGE_STANDARD = gnu11;
				GCC_NO_COMMON_BLOCKS = YES;
				"GCC_PREPROCESSOR_DEFINITIONS[arch=*]" = "FLEXLAYOUT_SWIFT_PACKAGE=1";
				GCC_WARN_64_TO_32_BIT_CONVERSION = YES;
				GCC_WARN_ABOUT_RETURN_TYPE = YES_ERROR;
				GCC_WARN_UNDECLARED_SELECTOR = YES;
				GCC_WARN_UNINITIALIZED_AUTOS = YES_AGGRESSIVE;
				GCC_WARN_UNUSED_FUNCTION = YES;
				GCC_WARN_UNUSED_VARIABLE = YES;
				IPHONEOS_DEPLOYMENT_TARGET = 15.5;
				MTL_ENABLE_DEBUG_INFO = NO;
				MTL_FAST_MATH = YES;
				SDKROOT = iphoneos;
				SWIFT_COMPILATION_MODE = wholemodule;
				SWIFT_OPTIMIZATION_LEVEL = "-O";
				VALIDATE_PRODUCT = YES;
			};
			name = Release;
		};
		EC8A56DE28C7BAB0009010C4 /* Debug */ = {
			isa = XCBuildConfiguration;
			buildSettings = {
				ASSETCATALOG_COMPILER_APPICON_NAME = AppIcon;
				ASSETCATALOG_COMPILER_GLOBAL_ACCENT_COLOR_NAME = AccentColor;
				CODE_SIGN_STYLE = Automatic;
				CURRENT_PROJECT_VERSION = 1;
				GENERATE_INFOPLIST_FILE = YES;
				INFOPLIST_FILE = FlexLayout_Test/Info.plist;
				INFOPLIST_KEY_UIApplicationSupportsIndirectInputEvents = YES;
				INFOPLIST_KEY_UILaunchStoryboardName = LaunchScreen;
				INFOPLIST_KEY_UISupportedInterfaceOrientations_iPad = "UIInterfaceOrientationPortrait UIInterfaceOrientationPortraitUpsideDown UIInterfaceOrientationLandscapeLeft UIInterfaceOrientationLandscapeRight";
				INFOPLIST_KEY_UISupportedInterfaceOrientations_iPhone = "UIInterfaceOrientationPortrait UIInterfaceOrientationLandscapeLeft UIInterfaceOrientationLandscapeRight";
				LD_RUNPATH_SEARCH_PATHS = (
					"$(inherited)",
					"@executable_path/Frameworks",
				);
				MARKETING_VERSION = 1.0;
				PRODUCT_BUNDLE_IDENTIFIER = "seungchan.FlexLayout-Test";
				PRODUCT_NAME = "$(TARGET_NAME)";
				SWIFT_EMIT_LOC_STRINGS = YES;
				SWIFT_VERSION = 5.0;
				TARGETED_DEVICE_FAMILY = "1,2";
			};
			name = Debug;
		};
		EC8A56DF28C7BAB0009010C4 /* Release */ = {
			isa = XCBuildConfiguration;
			buildSettings = {
				ASSETCATALOG_COMPILER_APPICON_NAME = AppIcon;
				ASSETCATALOG_COMPILER_GLOBAL_ACCENT_COLOR_NAME = AccentColor;
				CODE_SIGN_STYLE = Automatic;
				CURRENT_PROJECT_VERSION = 1;
				GENERATE_INFOPLIST_FILE = YES;
				INFOPLIST_FILE = FlexLayout_Test/Info.plist;
				INFOPLIST_KEY_UIApplicationSupportsIndirectInputEvents = YES;
				INFOPLIST_KEY_UILaunchStoryboardName = LaunchScreen;
				INFOPLIST_KEY_UISupportedInterfaceOrientations_iPad = "UIInterfaceOrientationPortrait UIInterfaceOrientationPortraitUpsideDown UIInterfaceOrientationLandscapeLeft UIInterfaceOrientationLandscapeRight";
				INFOPLIST_KEY_UISupportedInterfaceOrientations_iPhone = "UIInterfaceOrientationPortrait UIInterfaceOrientationLandscapeLeft UIInterfaceOrientationLandscapeRight";
				LD_RUNPATH_SEARCH_PATHS = (
					"$(inherited)",
					"@executable_path/Frameworks",
				);
				MARKETING_VERSION = 1.0;
				PRODUCT_BUNDLE_IDENTIFIER = "seungchan.FlexLayout-Test";
				PRODUCT_NAME = "$(TARGET_NAME)";
				SWIFT_EMIT_LOC_STRINGS = YES;
				SWIFT_VERSION = 5.0;
				TARGETED_DEVICE_FAMILY = "1,2";
			};
			name = Release;
		};
/* End XCBuildConfiguration section */

/* Begin XCConfigurationList section */
		EC8A56C428C7BAAF009010C4 /* Build configuration list for PBXProject "FlexLayout_Test" */ = {
			isa = XCConfigurationList;
			buildConfigurations = (
				EC8A56DB28C7BAB0009010C4 /* Debug */,
				EC8A56DC28C7BAB0009010C4 /* Release */,
			);
			defaultConfigurationIsVisible = 0;
			defaultConfigurationName = Release;
		};
		EC8A56DD28C7BAB0009010C4 /* Build configuration list for PBXNativeTarget "FlexLayout_Test" */ = {
			isa = XCConfigurationList;
			buildConfigurations = (
				EC8A56DE28C7BAB0009010C4 /* Debug */,
				EC8A56DF28C7BAB0009010C4 /* Release */,
			);
			defaultConfigurationIsVisible = 0;
			defaultConfigurationName = Release;
		};
/* End XCConfigurationList section */

/* Begin XCRemoteSwiftPackageReference section */
		EC8A56E028C7BAC7009010C4 /* XCRemoteSwiftPackageReference "Then" */ = {
			isa = XCRemoteSwiftPackageReference;
			repositoryURL = "https://github.com/devxoul/Then.git";
			requirement = {
				branch = master;
				kind = branch;
			};
		};
		EC8A56E328C7BADA009010C4 /* XCRemoteSwiftPackageReference "FlexLayout" */ = {
			isa = XCRemoteSwiftPackageReference;
			repositoryURL = "https://github.com/layoutBox/FlexLayout.git";
			requirement = {
				kind = upToNextMajorVersion;
				minimumVersion = 1.3.18;
			};
		};
		EC8A56F628C87B99009010C4 /* XCRemoteSwiftPackageReference "RxSwift" */ = {
			isa = XCRemoteSwiftPackageReference;
			repositoryURL = "https://github.com/ReactiveX/RxSwift.git";
			requirement = {
				kind = upToNextMajorVersion;
				minimumVersion = 6.0.0;
			};
		};
/* End XCRemoteSwiftPackageReference section */

/* Begin XCSwiftPackageProductDependency section */
		EC8A56E128C7BAC7009010C4 /* Then */ = {
			isa = XCSwiftPackageProductDependency;
			package = EC8A56E028C7BAC7009010C4 /* XCRemoteSwiftPackageReference "Then" */;
			productName = Then;
		};
		EC8A56E428C7BADA009010C4 /* FlexLayout */ = {
			isa = XCSwiftPackageProductDependency;
			package = EC8A56E328C7BADA009010C4 /* XCRemoteSwiftPackageReference "FlexLayout" */;
			productName = FlexLayout;
		};
		EC8A56E628C7BADA009010C4 /* FlexLayoutYoga */ = {
			isa = XCSwiftPackageProductDependency;
			package = EC8A56E328C7BADA009010C4 /* XCRemoteSwiftPackageReference "FlexLayout" */;
			productName = FlexLayoutYoga;
		};
		EC8A56E828C7BADA009010C4 /* FlexLayoutYogaKit */ = {
			isa = XCSwiftPackageProductDependency;
			package = EC8A56E328C7BADA009010C4 /* XCRemoteSwiftPackageReference "FlexLayout" */;
			productName = FlexLayoutYogaKit;
		};
		EC8A56F728C87B99009010C4 /* RxCocoa */ = {
			isa = XCSwiftPackageProductDependency;
			package = EC8A56F628C87B99009010C4 /* XCRemoteSwiftPackageReference "RxSwift" */;
			productName = RxCocoa;
		};
		EC8A56F928C87B99009010C4 /* RxSwift */ = {
			isa = XCSwiftPackageProductDependency;
			package = EC8A56F628C87B99009010C4 /* XCRemoteSwiftPackageReference "RxSwift" */;
			productName = RxSwift;
		};
/* End XCSwiftPackageProductDependency section */
	};
	rootObject = EC8A56C128C7BAAF009010C4 /* Project object */;
}
